# Generated by pub
# See https://dart.dev/tools/pub/glossary#lockfile
packages:
  ansicolor:
    dependency: transitive
    description:
      name: ansicolor
      sha256: "9334a679c85d6637e011c4fa848c245a06c5d6ea81d85e256a00b9cb7f908fbf"
      url: "https://pub.dev"
    source: hosted
    version: "1.0.2"
  async:
    dependency: transitive
    description:
      name: async
      sha256: bfe67ef28df125b7dddcea62755991f807aa39a2492a23e1550161692950bbe0
      url: "https://pub.dev"
    source: hosted
    version: "2.10.0"
  boolean_selector:
    dependency: transitive
    description:
      name: boolean_selector
      sha256: "6cfb5af12253eaf2b368f07bacc5a80d1301a071c73360d746b7f2e32d762c66"
      url: "https://pub.dev"
    source: hosted
    version: "2.1.1"
  cached_network_image:
    dependency: transitive
    description:
      name: cached_network_image
      sha256: "22a23755072ef9cf202166318a9771dbf2cc14b24eaf6e5ef71901fa3d2908f0"
      url: "https://pub.dev"
    source: hosted
    version: "2.0.0"
  characters:
    dependency: transitive
    description:
      name: characters
      sha256: e6a326c8af69605aec75ed6c187d06b349707a27fbff8222ca9cc2cff167975c
      url: "https://pub.dev"
    source: hosted
    version: "1.2.1"
  charcode:
    dependency: transitive
    description:
      name: charcode
      sha256: abac3bd18780f688ff2b93914f7ed2d4e9405835cbed1f09298ef65e278f23a2
      url: "https://pub.dev"
    source: hosted
    version: "1.1.3"
  clock:
    dependency: transitive
    description:
      name: clock
      sha256: cb6d7f03e1de671e34607e909a7213e31d7752be4fb66a86d29fe1eb14bfb5cf
      url: "https://pub.dev"
    source: hosted
    version: "1.1.1"
  cloud_firestore:
    dependency: "direct main"
    description:
      name: cloud_firestore
      sha256: "8e3b94c4ac8eccc16e15930c8ba3206abbad0ae340c056aa2a34169503884f4d"
      url: "https://pub.dev"
    source: hosted
    version: "0.13.4+2"
  cloud_firestore_platform_interface:
    dependency: transitive
    description:
      name: cloud_firestore_platform_interface
      sha256: e919394cba091b9975bd49239ea8927d023c7b4eadde4cedac847c5731af7f9e
      url: "https://pub.dev"
    source: hosted
    version: "1.1.0"
  cloud_firestore_web:
    dependency: transitive
    description:
      name: cloud_firestore_web
      sha256: "477f9e936e329ab2762609f8de2e0d54990a8f1eac980ce4c16e19782b0b7d7d"
      url: "https://pub.dev"
    source: hosted
    version: "0.1.1+1"
  collection:
    dependency: transitive
    description:
      name: collection
      sha256: cfc915e6923fe5ce6e153b0723c753045de46de1b4d63771530504004a45fae0
      url: "https://pub.dev"
    source: hosted
    version: "1.17.0"
  console_log_handler:
    dependency: transitive
    description:
      name: console_log_handler
      sha256: "3529d45b47487f48850322fa123cc382316f3d5708a33d75cc8f1a73f56a8b0b"
      url: "https://pub.dev"
    source: hosted
    version: "1.1.6"
  convert:
    dependency: transitive
    description:
      name: convert
      sha256: "3fa83bc417e26f1d55814443a603747d48e3cdf55b2f4fea27dea8e9224dcefd"
      url: "https://pub.dev"
    source: hosted
    version: "2.1.1"
  crypto:
    dependency: transitive
    description:
      name: crypto
      sha256: "9573b41053730155edbc2b883717c467648de3f1fe74171d62ca7b9c899014ec"
      url: "https://pub.dev"
    source: hosted
    version: "2.1.4"
  cupertino_icons:
    dependency: "direct main"
    description:
      name: cupertino_icons
      sha256: a937da4c006989739ceb4d10e3bd6cce64ca85d0fe287fc5b2b9f6ee757dcee6
      url: "https://pub.dev"
    source: hosted
    version: "0.1.3"
  fake_async:
    dependency: transitive
    description:
      name: fake_async
      sha256: "511392330127add0b769b75a987850d136345d9227c6b94c96a04cf4a391bf78"
      url: "https://pub.dev"
    source: hosted
    version: "1.3.1"
  firebase:
    dependency: transitive
    description:
      name: firebase
      sha256: c6d17b6e3f68cfe85a3a6f83c697e1745fa78e50f8f73be27b3d8a14364dccc8
      url: "https://pub.dev"
    source: hosted
    version: "7.2.1"
  firebase_auth:
    dependency: "direct main"
    description:
      name: firebase_auth
      sha256: b08da88c0846400f199ad9075a2ae7a7b75a5ad447ebeda38fffa845645a6b93
      url: "https://pub.dev"
    source: hosted
    version: "0.15.5+2"
  firebase_auth_platform_interface:
    dependency: transitive
    description:
      name: firebase_auth_platform_interface
      sha256: "27ca1807dd7c78e254cc348134340016c4215d557f59d12d76122df3451e44de"
      url: "https://pub.dev"
    source: hosted
    version: "1.1.7"
  firebase_auth_web:
    dependency: transitive
    description:
      name: firebase_auth_web
      sha256: "0ac10e364bc962755035447f778e86bc8749628104b53056a68772558346ac8b"
      url: "https://pub.dev"
    source: hosted
    version: "0.1.2"
  firebase_core:
    dependency: transitive
    description:
      name: firebase_core
      sha256: d46646e0a373b8cc23345ee94b187c7f8de88ab5c3e7b2191083569bf3a6bbf3
      url: "https://pub.dev"
    source: hosted
    version: "0.4.4+3"
  firebase_core_platform_interface:
    dependency: transitive
    description:
      name: firebase_core_platform_interface
      sha256: fc3a2f1ea9d234ddc0fc2700cc943be09a4e332403491b1cf2f082a47b2e306b
      url: "https://pub.dev"
    source: hosted
    version: "1.0.4"
  firebase_core_web:
    dependency: transitive
    description:
      name: firebase_core_web
      sha256: "6306ab08d30b386e73d8af1d41f93bf59814f96850f527166f324125e600ea4c"
      url: "https://pub.dev"
    source: hosted
    version: "0.1.1+2"
  firebase_storage:
    dependency: "direct main"
    description:
      name: firebase_storage
      sha256: "0ecc5c5b1d43b3034742b59c0127b98471a5dc6ae1e6a0dd4017d94372d588bd"
      url: "https://pub.dev"
    source: hosted
    version: "3.1.3"
  flutter:
    dependency: "direct main"
    description: flutter
    source: sdk
    version: "0.0.0"
  flutter_cache_manager:
    dependency: transitive
    description:
      name: flutter_cache_manager
      sha256: "96eebf41b21a7eab72ce628ac0f16567efb6b045006d2014b668d0ad93bc6dfa"
      url: "https://pub.dev"
    source: hosted
    version: "1.1.3"
  flutter_image:
    dependency: transitive
    description:
      name: flutter_image
      sha256: "2cc76aefbc465ad629f8377a3d6daf21afa8f5937eed9394140034e3a0a71053"
      url: "https://pub.dev"
    source: hosted
    version: "3.0.0"
  flutter_map:
    dependency: "direct main"
    description:
      name: flutter_map
      sha256: f6be02cc2b3fab0531558f86bd733504b40afe61de4f2d96bdfcd6e7957b467b
      url: "https://pub.dev"
    source: hosted
    version: "0.8.2"
  flutter_plugin_android_lifecycle:
    dependency: transitive
    description:
      name: flutter_plugin_android_lifecycle
      sha256: "874c97e15d41b3f76f9478b84ee42ca0ba32423ae6d7088b88fe25ba963db6e9"
      url: "https://pub.dev"
    source: hosted
    version: "1.0.6"
  flutter_test:
    dependency: "direct dev"
    description: flutter
    source: sdk
    version: "0.0.0"
  flutter_web_plugins:
    dependency: transitive
    description: flutter
    source: sdk
    version: "0.0.0"
  font_awesome_flutter:
    dependency: "direct main"
    description:
      name: font_awesome_flutter
      sha256: b3f074f08f069ad8dad784e83d3b6e2cae257a67b2cb310f357a96a077e00665
      url: "https://pub.dev"
    source: hosted
    version: "8.7.0"
  http:
    dependency: transitive
    description:
      name: http
      sha256: "12a67c630798bf730dd26f897d3b85b679a857b7a5c53b8caeb7ddd557b693b1"
      url: "https://pub.dev"
    source: hosted
    version: "0.12.0+4"
  http_parser:
    dependency: transitive
    description:
      name: http_parser
      sha256: "922804ee33df3ffe79675509bc20a61f6bd06ad733cef811616790948b99d74b"
      url: "https://pub.dev"
    source: hosted
    version: "3.1.3"
  image_picker:
    dependency: "direct main"
    description:
      name: image_picker
      sha256: cbaf35d72fcec0a7b153fc7faa213002633567563e89644db23672e099a637d1
      url: "https://pub.dev"
    source: hosted
    version: "0.6.3+4"
  intl:
    dependency: transitive
    description:
      name: intl
      sha256: "4691515bb3f68ebbc4776bc97a84d429bb8e8c141a77b5ab988a4b02adb1747a"
      url: "https://pub.dev"
    source: hosted
    version: "0.16.1"
  js:
    dependency: transitive
    description:
      name: js
      sha256: "5528c2f391ededb7775ec1daa69e65a2d61276f7552de2b5f7b8d34ee9fd4ab7"
      url: "https://pub.dev"
    source: hosted
    version: "0.6.5"
  latlong:
    dependency: transitive
    description:
      name: latlong
      sha256: "2b185c6c09793ba35b720ff97ea801f3d5731cfb2e8bb387b12cc6de1eb2fb72"
      url: "https://pub.dev"
    source: hosted
    version: "0.6.1"
  location:
    dependency: "direct main"
    description:
      name: location
      sha256: "0eef6a3eeca474bb580eb15377ca8a8f42729d7b89b56e027815ab5a728dc0a1"
      url: "https://pub.dev"
    source: hosted
    version: "2.5.4"
  logging:
    dependency: transitive
    description:
      name: logging
      sha256: "239402c239e2a390cf745af3a496fb985dc8f0b31b3f5fe0d460e42289d33ad7"
      url: "https://pub.dev"
    source: hosted
    version: "0.11.4"
  matcher:
    dependency: transitive
    description:
      name: matcher
      sha256: "16db949ceee371e9b99d22f88fa3a73c4e59fd0afed0bd25fc336eb76c198b72"
      url: "https://pub.dev"
    source: hosted
    version: "0.12.13"
  material_color_utilities:
    dependency: transitive
    description:
      name: material_color_utilities
      sha256: d92141dc6fe1dad30722f9aa826c7fbc896d021d792f80678280601aff8cf724
      url: "https://pub.dev"
    source: hosted
    version: "0.2.0"
  meta:
    dependency: transitive
    description:
      name: meta
      sha256: "6c268b42ed578a53088d834796959e4a1814b5e9e164f147f580a386e5decf42"
      url: "https://pub.dev"
    source: hosted
    version: "1.8.0"
  path:
    dependency: transitive
    description:
      name: path
      sha256: db9d4f58c908a4ba5953fcee2ae317c94889433e5024c27ce74a37f94267945b
      url: "https://pub.dev"
    source: hosted
    version: "1.8.2"
  path_provider:
    dependency: transitive
    description:
      name: path_provider
      sha256: b2cf36ac1b26e7ecbea5286e0c451434af47b81a0c33b4ab65cdccb93d221380
      url: "https://pub.dev"
    source: hosted
    version: "1.6.5"
  path_provider_macos:
    dependency: transitive
    description:
      name: path_provider_macos
      sha256: cd592bec4e9ce9b28b15e145f24a9f8da9a6633acb2662efc0a70fbed7d40fd9
      url: "https://pub.dev"
    source: hosted
    version: "0.0.4"
  path_provider_platform_interface:
    dependency: transitive
    description:
      name: path_provider_platform_interface
      sha256: "6756134898dc3f274cfef6093c08a1f84fe26dfaed78cf826fc89fe94ef12520"
      url: "https://pub.dev"
    source: hosted
    version: "1.0.1"
  pedantic:
    dependency: transitive
    description:
      name: pedantic
      sha256: "47dbb0d43378d6505c9863c4f7096a82b88efb0a5c948f937ca9f0c67f099da4"
      url: "https://pub.dev"
    source: hosted
    version: "1.8.0+1"
  platform:
    dependency: "direct overridden"
    description:
      name: platform
      sha256: "4a451831508d7d6ca779f7ac6e212b4023dd5a7d08a27a63da33756410e32b76"
      url: "https://pub.dev"
    source: hosted
    version: "3.1.0"
  plugin_platform_interface:
    dependency: transitive
    description:
      name: plugin_platform_interface
      sha256: "3c3d17d0012f7388b8beb79a4517cd2f25b66aa09f9f99f9adcaada6ea6f46f1"
      url: "https://pub.dev"
    source: hosted
    version: "1.0.2"
  positioned_tap_detector:
    dependency: transitive
    description:
      name: positioned_tap_detector
      sha256: a2e6b0466acfa34ded2d7f4b4ce34d81bac201335f67628bab49a758cc4b94c1
      url: "https://pub.dev"
    source: hosted
    version: "1.0.3"
  quiver:
    dependency: transitive
    description:
      name: quiver
      sha256: "16169b1cc79f01d9c47fe05b5670b87cbf7f5cfc77757369f245c36a6ae2b290"
      url: "https://pub.dev"
    source: hosted
    version: "2.1.3"
  sky_engine:
    dependency: transitive
    description: flutter
    source: sdk
    version: "0.0.99"
  source_span:
    dependency: transitive
    description:
      name: source_span
      sha256: dd904f795d4b4f3b870833847c461801f6750a9fa8e61ea5ac53f9422b31f250
      url: "https://pub.dev"
    source: hosted
    version: "1.9.1"
  sqflite:
    dependency: transitive
    description:
      name: sqflite
      sha256: e9d202deeda3c5c4d7d0468da5c0e344fe9d9da46bbbd21d09677c897dd01c70
      url: "https://pub.dev"
    source: hosted
    version: "1.3.0"
  sqflite_common:
    dependency: transitive
    description:
      name: sqflite_common
      sha256: fed2b61b5227bc3b71c19cadfec8c42abdd80fca51853b63a280ebcab498b15c
      url: "https://pub.dev"
    source: hosted
    version: "1.0.0+1"
  stack_trace:
    dependency: transitive
    description:
      name: stack_trace
      sha256: c3c7d8edb15bee7f0f74debd4b9c5f3c2ea86766fe4178eb2a18eb30a0bdaed5
      url: "https://pub.dev"
    source: hosted
    version: "1.11.0"
  stream_channel:
    dependency: transitive
    description:
      name: stream_channel
      sha256: "83615bee9045c1d322bbbd1ba209b7a749c2cbcdcb3fdd1df8eb488b3279c1c8"
      url: "https://pub.dev"
    source: hosted
    version: "2.1.1"
  string_scanner:
    dependency: transitive
    description:
      name: string_scanner
      sha256: "556692adab6cfa87322a115640c11f13cb77b3f076ddcc5d6ae3c20242bedcde"
      url: "https://pub.dev"
    source: hosted
    version: "1.2.0"
  synchronized:
    dependency: transitive
    description:
      name: synchronized
      sha256: "3aec6b8760ed0b7e571575d1a98c5589f1dab70561a6db248846b47e89ba759c"
      url: "https://pub.dev"
    source: hosted
    version: "2.2.0"
  term_glyph:
    dependency: transitive
    description:
      name: term_glyph
      sha256: a29248a84fbb7c79282b40b8c72a1209db169a2e0542bce341da992fe1bc7e84
      url: "https://pub.dev"
    source: hosted
    version: "1.2.1"
  test_api:
    dependency: transitive
    description:
      name: test_api
      sha256: ad540f65f92caa91bf21dfc8ffb8c589d6e4dc0c2267818b4cc2792857706206
      url: "https://pub.dev"
    source: hosted
    version: "0.4.16"
  transparent_image:
    dependency: transitive
    description:
      name: transparent_image
      sha256: "0a9a2f3a400afa7e322d27808be2b784c147651211a16164865e60cc535224d7"
      url: "https://pub.dev"
    source: hosted
    version: "1.0.0"
  tuple:
    dependency: transitive
    description:
      name: tuple
      sha256: "2b6a02e9d42cde3e088c10961537684a85193b20c320b1def7c46d383458b450"
      url: "https://pub.dev"
    source: hosted
    version: "1.0.3"
  typed_data:
    dependency: transitive
    description:
      name: typed_data
      sha256: c658af5f6dca146cfeb54a0908dbf8cbdcbef9e7e375541539b38be1694fe2bf
      url: "https://pub.dev"
    source: hosted
    version: "1.1.6"
  uuid:
    dependency: transitive
    description:
      name: uuid
      sha256: "4c4896fe3a875c35334c6ef9b7647ee9ee7b41032397a904fb3a35cbe677d56e"
      url: "https://pub.dev"
    source: hosted
    version: "2.0.4"
  validate:
    dependency: transitive
    description:
      name: validate
      sha256: e454e9357766615ecedd8dc8ffd1e5a80d54f53d5bf878fee9d5143cb0f57f4d
      url: "https://pub.dev"
    source: hosted
    version: "1.7.0"
  vector_math:
    dependency: transitive
    description:
      name: vector_math
      sha256: "80b3257d1492ce4d091729e3a67a60407d227c27241d6927be0130c98e741803"
      url: "https://pub.dev"
    source: hosted
    version: "2.1.4"
sdks:
  dart: ">=2.18.0 <3.0.0"
  flutter: ">=1.12.13+hotfix.5"
